// !$*UTF8*$!
{
	archiveVersion = 1;
	classes = {
	};
	objectVersion = 56;
	objects = {

/* Begin PBXBuildFile section */
		EE2366DF2978BD1D00E7AC9C /* ReciMeCodingChallegeApp.swift in Sources */ = {isa = PBXBuildFile; fileRef = EE2366DE2978BD1D00E7AC9C /* ReciMeCodingChallegeApp.swift */; };
		EE2366E32978BD1E00E7AC9C /* Assets.xcassets in Resources */ = {isa = PBXBuildFile; fileRef = EE2366E22978BD1E00E7AC9C /* Assets.xcassets */; };
		EE2366E62978BD1E00E7AC9C /* Preview Assets.xcassets in Resources */ = {isa = PBXBuildFile; fileRef = EE2366E52978BD1E00E7AC9C /* Preview Assets.xcassets */; };
		EE2366F02978C02D00E7AC9C /* Configuration.swift in Sources */ = {isa = PBXBuildFile; fileRef = EE2366EF2978C02D00E7AC9C /* Configuration.swift */; };
		EE2366F32978C16900E7AC9C /* RecipesListScreen.swift in Sources */ = {isa = PBXBuildFile; fileRef = EE2366F22978C16900E7AC9C /* RecipesListScreen.swift */; };
		EE2366F52978C18000E7AC9C /* RecipesListViewModel.swift in Sources */ = {isa = PBXBuildFile; fileRef = EE2366F42978C18000E7AC9C /* RecipesListViewModel.swift */; };
		EE2366F82978C1D000E7AC9C /* APIClient.swift in Sources */ = {isa = PBXBuildFile; fileRef = EE2366F72978C1D000E7AC9C /* APIClient.swift */; };
		EE2366FA2978C32D00E7AC9C /* APIProtocol.swift in Sources */ = {isa = PBXBuildFile; fileRef = EE2366F92978C32D00E7AC9C /* APIProtocol.swift */; };
		EE2366FC2978C9EC00E7AC9C /* HTTPRequestMethod.swift in Sources */ = {isa = PBXBuildFile; fileRef = EE2366FB2978C9EC00E7AC9C /* HTTPRequestMethod.swift */; };
		EE2366FE2978CC6600E7AC9C /* RecipesRequest.swift in Sources */ = {isa = PBXBuildFile; fileRef = EE2366FD2978CC6600E7AC9C /* RecipesRequest.swift */; };
		EE2367002978CCAC00E7AC9C /* Recipe.swift in Sources */ = {isa = PBXBuildFile; fileRef = EE2366FF2978CCAC00E7AC9C /* Recipe.swift */; };
		EE2367022978CF5300E7AC9C /* RecipesService.swift in Sources */ = {isa = PBXBuildFile; fileRef = EE2367012978CF5300E7AC9C /* RecipesService.swift */; };
		EE2367042978CF6800E7AC9C /* NetworkService.swift in Sources */ = {isa = PBXBuildFile; fileRef = EE2367032978CF6800E7AC9C /* NetworkService.swift */; };
		EE2367072978CFDB00E7AC9C /* BaseViewModel.swift in Sources */ = {isa = PBXBuildFile; fileRef = EE2367062978CFDB00E7AC9C /* BaseViewModel.swift */; };
		EE23670A2978D3F100E7AC9C /* Session.swift in Sources */ = {isa = PBXBuildFile; fileRef = EE2367092978D3F100E7AC9C /* Session.swift */; };
		EE23670D2978DB0600E7AC9C /* Alert+View.swift in Sources */ = {isa = PBXBuildFile; fileRef = EE23670C2978DB0600E7AC9C /* Alert+View.swift */; };
		EE2367142978E10900E7AC9C /* RecipeViewModel.swift in Sources */ = {isa = PBXBuildFile; fileRef = EE2367132978E10900E7AC9C /* RecipeViewModel.swift */; };
		EE2367162978E14A00E7AC9C /* RecipeDetailScreen.swift in Sources */ = {isa = PBXBuildFile; fileRef = EE2367152978E14A00E7AC9C /* RecipeDetailScreen.swift */; };
		EE2367182978E30B00E7AC9C /* RecipeTileView.swift in Sources */ = {isa = PBXBuildFile; fileRef = EE2367172978E30B00E7AC9C /* RecipeTileView.swift */; };
		EE23671A2979FF5000E7AC9C /* RecipeDetailRequest.swift in Sources */ = {isa = PBXBuildFile; fileRef = EE2367192979FF5000E7AC9C /* RecipeDetailRequest.swift */; };
		EE23671E297A07DA00E7AC9C /* IngridientsRequest.swift in Sources */ = {isa = PBXBuildFile; fileRef = EE23671D297A07DA00E7AC9C /* IngridientsRequest.swift */; };
		EE236720297A085F00E7AC9C /* Ingridient.swift in Sources */ = {isa = PBXBuildFile; fileRef = EE23671F297A085F00E7AC9C /* Ingridient.swift */; };
		EE236725297A215800E7AC9C /* IngredientRowView.swift in Sources */ = {isa = PBXBuildFile; fileRef = EE236724297A215800E7AC9C /* IngredientRowView.swift */; };
		EE236727297A35A000E7AC9C /* NetworkError.swift in Sources */ = {isa = PBXBuildFile; fileRef = EE236726297A35A000E7AC9C /* NetworkError.swift */; };
		EE236729297A45DE00E7AC9C /* RecipeStepView.swift in Sources */ = {isa = PBXBuildFile; fileRef = EE236728297A45DE00E7AC9C /* RecipeStepView.swift */; };
		EE23672B297A460200E7AC9C /* String+Extension.swift in Sources */ = {isa = PBXBuildFile; fileRef = EE23672A297A460200E7AC9C /* String+Extension.swift */; };
/* End PBXBuildFile section */

/* Begin PBXFileReference section */
		EE2366DB2978BD1D00E7AC9C /* ReciMeCodingChallege.app */ = {isa = PBXFileReference; explicitFileType = wrapper.application; includeInIndex = 0; path = ReciMeCodingChallege.app; sourceTree = BUILT_PRODUCTS_DIR; };
		EE2366DE2978BD1D00E7AC9C /* ReciMeCodingChallegeApp.swift */ = {isa = PBXFileReference; lastKnownFileType = sourcecode.swift; path = ReciMeCodingChallegeApp.swift; sourceTree = "<group>"; };
		EE2366E22978BD1E00E7AC9C /* Assets.xcassets */ = {isa = PBXFileReference; lastKnownFileType = folder.assetcatalog; path = Assets.xcassets; sourceTree = "<group>"; };
		EE2366E52978BD1E00E7AC9C /* Preview Assets.xcassets */ = {isa = PBXFileReference; lastKnownFileType = folder.assetcatalog; path = "Preview Assets.xcassets"; sourceTree = "<group>"; };
		EE2366EE2978BEDE00E7AC9C /* Info.plist */ = {isa = PBXFileReference; lastKnownFileType = text.plist; path = Info.plist; sourceTree = "<group>"; };
		EE2366EF2978C02D00E7AC9C /* Configuration.swift */ = {isa = PBXFileReference; fileEncoding = 4; lastKnownFileType = sourcecode.swift; path = Configuration.swift; sourceTree = "<group>"; };
		EE2366F22978C16900E7AC9C /* RecipesListScreen.swift */ = {isa = PBXFileReference; lastKnownFileType = sourcecode.swift; path = RecipesListScreen.swift; sourceTree = "<group>"; };
		EE2366F42978C18000E7AC9C /* RecipesListViewModel.swift */ = {isa = PBXFileReference; lastKnownFileType = sourcecode.swift; path = RecipesListViewModel.swift; sourceTree = "<group>"; };
		EE2366F72978C1D000E7AC9C /* APIClient.swift */ = {isa = PBXFileReference; lastKnownFileType = sourcecode.swift; path = APIClient.swift; sourceTree = "<group>"; };
		EE2366F92978C32D00E7AC9C /* APIProtocol.swift */ = {isa = PBXFileReference; lastKnownFileType = sourcecode.swift; path = APIProtocol.swift; sourceTree = "<group>"; };
		EE2366FB2978C9EC00E7AC9C /* HTTPRequestMethod.swift */ = {isa = PBXFileReference; lastKnownFileType = sourcecode.swift; path = HTTPRequestMethod.swift; sourceTree = "<group>"; };
		EE2366FD2978CC6600E7AC9C /* RecipesRequest.swift */ = {isa = PBXFileReference; lastKnownFileType = sourcecode.swift; path = RecipesRequest.swift; sourceTree = "<group>"; };
		EE2366FF2978CCAC00E7AC9C /* Recipe.swift */ = {isa = PBXFileReference; lastKnownFileType = sourcecode.swift; path = Recipe.swift; sourceTree = "<group>"; };
		EE2367012978CF5300E7AC9C /* RecipesService.swift */ = {isa = PBXFileReference; lastKnownFileType = sourcecode.swift; path = RecipesService.swift; sourceTree = "<group>"; };
		EE2367032978CF6800E7AC9C /* NetworkService.swift */ = {isa = PBXFileReference; lastKnownFileType = sourcecode.swift; path = NetworkService.swift; sourceTree = "<group>"; };
		EE2367062978CFDB00E7AC9C /* BaseViewModel.swift */ = {isa = PBXFileReference; lastKnownFileType = sourcecode.swift; path = BaseViewModel.swift; sourceTree = "<group>"; };
		EE2367092978D3F100E7AC9C /* Session.swift */ = {isa = PBXFileReference; lastKnownFileType = sourcecode.swift; path = Session.swift; sourceTree = "<group>"; };
		EE23670C2978DB0600E7AC9C /* Alert+View.swift */ = {isa = PBXFileReference; lastKnownFileType = sourcecode.swift; path = "Alert+View.swift"; sourceTree = "<group>"; };
		EE2367132978E10900E7AC9C /* RecipeViewModel.swift */ = {isa = PBXFileReference; lastKnownFileType = sourcecode.swift; path = RecipeViewModel.swift; sourceTree = "<group>"; };
		EE2367152978E14A00E7AC9C /* RecipeDetailScreen.swift */ = {isa = PBXFileReference; lastKnownFileType = sourcecode.swift; path = RecipeDetailScreen.swift; sourceTree = "<group>"; };
		EE2367172978E30B00E7AC9C /* RecipeTileView.swift */ = {isa = PBXFileReference; lastKnownFileType = sourcecode.swift; path = RecipeTileView.swift; sourceTree = "<group>"; };
		EE2367192979FF5000E7AC9C /* RecipeDetailRequest.swift */ = {isa = PBXFileReference; lastKnownFileType = sourcecode.swift; path = RecipeDetailRequest.swift; sourceTree = "<group>"; };
		EE23671D297A07DA00E7AC9C /* IngridientsRequest.swift */ = {isa = PBXFileReference; lastKnownFileType = sourcecode.swift; path = IngridientsRequest.swift; sourceTree = "<group>"; };
		EE23671F297A085F00E7AC9C /* Ingridient.swift */ = {isa = PBXFileReference; lastKnownFileType = sourcecode.swift; path = Ingridient.swift; sourceTree = "<group>"; };
		EE236724297A215800E7AC9C /* IngredientRowView.swift */ = {isa = PBXFileReference; lastKnownFileType = sourcecode.swift; path = IngredientRowView.swift; sourceTree = "<group>"; };
		EE236726297A35A000E7AC9C /* NetworkError.swift */ = {isa = PBXFileReference; lastKnownFileType = sourcecode.swift; path = NetworkError.swift; sourceTree = "<group>"; };
		EE236728297A45DE00E7AC9C /* RecipeStepView.swift */ = {isa = PBXFileReference; lastKnownFileType = sourcecode.swift; path = RecipeStepView.swift; sourceTree = "<group>"; };
		EE23672A297A460200E7AC9C /* String+Extension.swift */ = {isa = PBXFileReference; lastKnownFileType = sourcecode.swift; path = "String+Extension.swift"; sourceTree = "<group>"; };
/* End PBXFileReference section */

/* Begin PBXFrameworksBuildPhase section */
		EE2366D82978BD1C00E7AC9C /* Frameworks */ = {
			isa = PBXFrameworksBuildPhase;
			buildActionMask = 2147483647;
			files = (
			);
			runOnlyForDeploymentPostprocessing = 0;
		};
/* End PBXFrameworksBuildPhase section */

/* Begin PBXGroup section */
		EE2366D22978BD1C00E7AC9C = {
			isa = PBXGroup;
			children = (
				EE2366DD2978BD1D00E7AC9C /* ReciMeCodingChallege */,
				EE2366DC2978BD1D00E7AC9C /* Products */,
			);
			sourceTree = "<group>";
		};
		EE2366DC2978BD1D00E7AC9C /* Products */ = {
			isa = PBXGroup;
			children = (
				EE2366DB2978BD1D00E7AC9C /* ReciMeCodingChallege.app */,
			);
			name = Products;
			sourceTree = "<group>";
		};
		EE2366DD2978BD1D00E7AC9C /* ReciMeCodingChallege */ = {
			isa = PBXGroup;
			children = (
				EE2366EF2978C02D00E7AC9C /* Configuration.swift */,
				EE2366DE2978BD1D00E7AC9C /* ReciMeCodingChallegeApp.swift */,
				EE23670B2978DAFC00E7AC9C /* Extensions */,
				EE2367082978D3E700E7AC9C /* Session */,
				EE2367052978CFCE00E7AC9C /* BaseClasses */,
				EE2366F62978C1BF00E7AC9C /* Network */,
				EE2367112978E00300E7AC9C /* Features */,
				EE2366EE2978BEDE00E7AC9C /* Info.plist */,
				EE2366E22978BD1E00E7AC9C /* Assets.xcassets */,
				EE2366E42978BD1E00E7AC9C /* Preview Content */,
			);
			path = ReciMeCodingChallege;
			sourceTree = "<group>";
		};
		EE2366E42978BD1E00E7AC9C /* Preview Content */ = {
			isa = PBXGroup;
			children = (
				EE2366E52978BD1E00E7AC9C /* Preview Assets.xcassets */,
			);
			path = "Preview Content";
			sourceTree = "<group>";
		};
		EE2366F12978C15300E7AC9C /* Recipes */ = {
			isa = PBXGroup;
			children = (
				EE2367102978DF9400E7AC9C /* View */,
				EE23670F2978DF8A00E7AC9C /* Service */,
				EE23670E2978DF8100E7AC9C /* Model */,
			);
			path = Recipes;
			sourceTree = "<group>";
		};
		EE2366F62978C1BF00E7AC9C /* Network */ = {
			isa = PBXGroup;
			children = (
				EE2366F72978C1D000E7AC9C /* APIClient.swift */,
				EE2366F92978C32D00E7AC9C /* APIProtocol.swift */,
				EE2366FB2978C9EC00E7AC9C /* HTTPRequestMethod.swift */,
				EE2367032978CF6800E7AC9C /* NetworkService.swift */,
				EE236726297A35A000E7AC9C /* NetworkError.swift */,
			);
			path = Network;
			sourceTree = "<group>";
		};
		EE2367052978CFCE00E7AC9C /* BaseClasses */ = {
			isa = PBXGroup;
			children = (
				EE2367062978CFDB00E7AC9C /* BaseViewModel.swift */,
			);
			path = BaseClasses;
			sourceTree = "<group>";
		};
		EE2367082978D3E700E7AC9C /* Session */ = {
			isa = PBXGroup;
			children = (
				EE2367092978D3F100E7AC9C /* Session.swift */,
			);
			path = Session;
			sourceTree = "<group>";
		};
		EE23670B2978DAFC00E7AC9C /* Extensions */ = {
			isa = PBXGroup;
			children = (
				EE23670C2978DB0600E7AC9C /* Alert+View.swift */,
				EE23672A297A460200E7AC9C /* String+Extension.swift */,
			);
			path = Extensions;
			sourceTree = "<group>";
		};
		EE23670E2978DF8100E7AC9C /* Model */ = {
			isa = PBXGroup;
			children = (
				EE2366FF2978CCAC00E7AC9C /* Recipe.swift */,
			);
			path = Model;
			sourceTree = "<group>";
		};
		EE23670F2978DF8A00E7AC9C /* Service */ = {
			isa = PBXGroup;
			children = (
				EE2366FD2978CC6600E7AC9C /* RecipesRequest.swift */,
				EE2367012978CF5300E7AC9C /* RecipesService.swift */,
			);
			path = Service;
			sourceTree = "<group>";
		};
		EE2367102978DF9400E7AC9C /* View */ = {
			isa = PBXGroup;
			children = (
				EE2366F22978C16900E7AC9C /* RecipesListScreen.swift */,
				EE2366F42978C18000E7AC9C /* RecipesListViewModel.swift */,
				EE2367172978E30B00E7AC9C /* RecipeTileView.swift */,
			);
			path = View;
			sourceTree = "<group>";
		};
		EE2367112978E00300E7AC9C /* Features */ = {
			isa = PBXGroup;
			children = (
				EE2366F12978C15300E7AC9C /* Recipes */,
				EE2367122978E09300E7AC9C /* Recipe */,
			);
			path = Features;
			sourceTree = "<group>";
		};
		EE2367122978E09300E7AC9C /* Recipe */ = {
			isa = PBXGroup;
			children = (
				EE236723297A0FA400E7AC9C /* View */,
				EE236722297A0F9B00E7AC9C /* Model */,
				EE236721297A0F8F00E7AC9C /* Service */,
			);
			path = Recipe;
			sourceTree = "<group>";
		};
		EE236721297A0F8F00E7AC9C /* Service */ = {
			isa = PBXGroup;
			children = (
				EE2367192979FF5000E7AC9C /* RecipeDetailRequest.swift */,
				EE23671D297A07DA00E7AC9C /* IngridientsRequest.swift */,
			);
			path = Service;
			sourceTree = "<group>";
		};
		EE236722297A0F9B00E7AC9C /* Model */ = {
			isa = PBXGroup;
			children = (
				EE23671F297A085F00E7AC9C /* Ingridient.swift */,
			);
			path = Model;
			sourceTree = "<group>";
		};
		EE236723297A0FA400E7AC9C /* View */ = {
			isa = PBXGroup;
			children = (
				EE2367132978E10900E7AC9C /* RecipeViewModel.swift */,
				EE2367152978E14A00E7AC9C /* RecipeDetailScreen.swift */,
				EE236724297A215800E7AC9C /* IngredientRowView.swift */,
				EE236728297A45DE00E7AC9C /* RecipeStepView.swift */,
			);
			path = View;
			sourceTree = "<group>";
		};
/* End PBXGroup section */

/* Begin PBXNativeTarget section */
		EE2366DA2978BD1C00E7AC9C /* ReciMeCodingChallege */ = {
			isa = PBXNativeTarget;
			buildConfigurationList = EE2366E92978BD1E00E7AC9C /* Build configuration list for PBXNativeTarget "ReciMeCodingChallege" */;
			buildPhases = (
				EE2366D72978BD1C00E7AC9C /* Sources */,
				EE2366D82978BD1C00E7AC9C /* Frameworks */,
				EE2366D92978BD1C00E7AC9C /* Resources */,
			);
			buildRules = (
			);
			dependencies = (
			);
			name = ReciMeCodingChallege;
			productName = ReciMeCodingChallege;
			productReference = EE2366DB2978BD1D00E7AC9C /* ReciMeCodingChallege.app */;
			productType = "com.apple.product-type.application";
		};
/* End PBXNativeTarget section */

/* Begin PBXProject section */
		EE2366D32978BD1C00E7AC9C /* Project object */ = {
			isa = PBXProject;
			attributes = {
				BuildIndependentTargetsInParallel = 1;
				LastSwiftUpdateCheck = 1420;
				LastUpgradeCheck = 1420;
				TargetAttributes = {
					EE2366DA2978BD1C00E7AC9C = {
						CreatedOnToolsVersion = 14.2;
					};
				};
			};
			buildConfigurationList = EE2366D62978BD1C00E7AC9C /* Build configuration list for PBXProject "ReciMeCodingChallege" */;
			compatibilityVersion = "Xcode 14.0";
			developmentRegion = en;
			hasScannedForEncodings = 0;
			knownRegions = (
				en,
				Base,
			);
			mainGroup = EE2366D22978BD1C00E7AC9C;
			productRefGroup = EE2366DC2978BD1D00E7AC9C /* Products */;
			projectDirPath = "";
			projectRoot = "";
			targets = (
				EE2366DA2978BD1C00E7AC9C /* ReciMeCodingChallege */,
			);
		};
/* End PBXProject section */

/* Begin PBXResourcesBuildPhase section */
		EE2366D92978BD1C00E7AC9C /* Resources */ = {
			isa = PBXResourcesBuildPhase;
			buildActionMask = 2147483647;
			files = (
				EE2366E62978BD1E00E7AC9C /* Preview Assets.xcassets in Resources */,
				EE2366E32978BD1E00E7AC9C /* Assets.xcassets in Resources */,
			);
			runOnlyForDeploymentPostprocessing = 0;
		};
/* End PBXResourcesBuildPhase section */

/* Begin PBXSourcesBuildPhase section */
		EE2366D72978BD1C00E7AC9C /* Sources */ = {
			isa = PBXSourcesBuildPhase;
			buildActionMask = 2147483647;
			files = (
				EE23670A2978D3F100E7AC9C /* Session.swift in Sources */,
				EE2366F02978C02D00E7AC9C /* Configuration.swift in Sources */,
				EE2366FE2978CC6600E7AC9C /* RecipesRequest.swift in Sources */,
				EE2366FA2978C32D00E7AC9C /* APIProtocol.swift in Sources */,
				EE2366F32978C16900E7AC9C /* RecipesListScreen.swift in Sources */,
				EE23670D2978DB0600E7AC9C /* Alert+View.swift in Sources */,
				EE2366F52978C18000E7AC9C /* RecipesListViewModel.swift in Sources */,
				EE2366FC2978C9EC00E7AC9C /* HTTPRequestMethod.swift in Sources */,
				EE236729297A45DE00E7AC9C /* RecipeStepView.swift in Sources */,
				EE2367022978CF5300E7AC9C /* RecipesService.swift in Sources */,
				EE236727297A35A000E7AC9C /* NetworkError.swift in Sources */,
				EE236725297A215800E7AC9C /* IngredientRowView.swift in Sources */,
				EE2367072978CFDB00E7AC9C /* BaseViewModel.swift in Sources */,
				EE2366DF2978BD1D00E7AC9C /* ReciMeCodingChallegeApp.swift in Sources */,
				EE23671E297A07DA00E7AC9C /* IngridientsRequest.swift in Sources */,
				EE236720297A085F00E7AC9C /* Ingridient.swift in Sources */,
				EE23672B297A460200E7AC9C /* String+Extension.swift in Sources */,
				EE2366F82978C1D000E7AC9C /* APIClient.swift in Sources */,
				EE2367182978E30B00E7AC9C /* RecipeTileView.swift in Sources */,
				EE2367042978CF6800E7AC9C /* NetworkService.swift in Sources */,
				EE23671A2979FF5000E7AC9C /* RecipeDetailRequest.swift in Sources */,
				EE2367142978E10900E7AC9C /* RecipeViewModel.swift in Sources */,
				EE2367162978E14A00E7AC9C /* RecipeDetailScreen.swift in Sources */,
				EE2367002978CCAC00E7AC9C /* Recipe.swift in Sources */,
			);
			runOnlyForDeploymentPostprocessing = 0;
		};
/* End PBXSourcesBuildPhase section */

/* Begin XCBuildConfiguration section */
		EE2366E72978BD1E00E7AC9C /* Debug (Staging) */ = {
			isa = XCBuildConfiguration;
			buildSettings = {
				ALWAYS_SEARCH_USER_PATHS = NO;
				CLANG_ANALYZER_NONNULL = YES;
				CLANG_ANALYZER_NUMBER_OBJECT_CONVERSION = YES_AGGRESSIVE;
				CLANG_CXX_LANGUAGE_STANDARD = "gnu++20";
				CLANG_ENABLE_MODULES = YES;
				CLANG_ENABLE_OBJC_ARC = YES;
				CLANG_ENABLE_OBJC_WEAK = YES;
				CLANG_WARN_BLOCK_CAPTURE_AUTORELEASING = YES;
				CLANG_WARN_BOOL_CONVERSION = YES;
				CLANG_WARN_COMMA = YES;
				CLANG_WARN_CONSTANT_CONVERSION = YES;
				CLANG_WARN_DEPRECATED_OBJC_IMPLEMENTATIONS = YES;
				CLANG_WARN_DIRECT_OBJC_ISA_USAGE = YES_ERROR;
				CLANG_WARN_DOCUMENTATION_COMMENTS = YES;
				CLANG_WARN_EMPTY_BODY = YES;
				CLANG_WARN_ENUM_CONVERSION = YES;
				CLANG_WARN_INFINITE_RECURSION = YES;
				CLANG_WARN_INT_CONVERSION = YES;
				CLANG_WARN_NON_LITERAL_NULL_CONVERSION = YES;
				CLANG_WARN_OBJC_IMPLICIT_RETAIN_SELF = YES;
				CLANG_WARN_OBJC_LITERAL_CONVERSION = YES;
				CLANG_WARN_OBJC_ROOT_CLASS = YES_ERROR;
				CLANG_WARN_QUOTED_INCLUDE_IN_FRAMEWORK_HEADER = YES;
				CLANG_WARN_RANGE_LOOP_ANALYSIS = YES;
				CLANG_WARN_STRICT_PROTOTYPES = YES;
				CLANG_WARN_SUSPICIOUS_MOVE = YES;
				CLANG_WARN_UNGUARDED_AVAILABILITY = YES_AGGRESSIVE;
				CLANG_WARN_UNREACHABLE_CODE = YES;
				CLANG_WARN__DUPLICATE_METHOD_MATCH = YES;
				COPY_PHASE_STRIP = NO;
				DEBUG_INFORMATION_FORMAT = dwarf;
				ENABLE_STRICT_OBJC_MSGSEND = YES;
				ENABLE_TESTABILITY = YES;
				GCC_C_LANGUAGE_STANDARD = gnu11;
				GCC_DYNAMIC_NO_PIC = NO;
				GCC_NO_COMMON_BLOCKS = YES;
				GCC_OPTIMIZATION_LEVEL = 0;
				GCC_PREPROCESSOR_DEFINITIONS = (
					"DEBUG=1",
					"$(inherited)",
				);
				GCC_WARN_64_TO_32_BIT_CONVERSION = YES;
				GCC_WARN_ABOUT_RETURN_TYPE = YES_ERROR;
				GCC_WARN_UNDECLARED_SELECTOR = YES;
				GCC_WARN_UNINITIALIZED_AUTOS = YES_AGGRESSIVE;
				GCC_WARN_UNUSED_FUNCTION = YES;
				GCC_WARN_UNUSED_VARIABLE = YES;
				IPHONEOS_DEPLOYMENT_TARGET = 16.2;
				MTL_ENABLE_DEBUG_INFO = INCLUDE_SOURCE;
				MTL_FAST_MATH = YES;
				ONLY_ACTIVE_ARCH = YES;
				SDKROOT = iphoneos;
				SWIFT_ACTIVE_COMPILATION_CONDITIONS = DEBUG;
				SWIFT_OPTIMIZATION_LEVEL = "-Onone";
			};
			name = "Debug (Staging)";
		};
		EE2366E82978BD1E00E7AC9C /* Release */ = {
			isa = XCBuildConfiguration;
			buildSettings = {
				ALWAYS_SEARCH_USER_PATHS = NO;
				CLANG_ANALYZER_NONNULL = YES;
				CLANG_ANALYZER_NUMBER_OBJECT_CONVERSION = YES_AGGRESSIVE;
				CLANG_CXX_LANGUAGE_STANDARD = "gnu++20";
				CLANG_ENABLE_MODULES = YES;
				CLANG_ENABLE_OBJC_ARC = YES;
				CLANG_ENABLE_OBJC_WEAK = YES;
				CLANG_WARN_BLOCK_CAPTURE_AUTORELEASING = YES;
				CLANG_WARN_BOOL_CONVERSION = YES;
				CLANG_WARN_COMMA = YES;
				CLANG_WARN_CONSTANT_CONVERSION = YES;
				CLANG_WARN_DEPRECATED_OBJC_IMPLEMENTATIONS = YES;
				CLANG_WARN_DIRECT_OBJC_ISA_USAGE = YES_ERROR;
				CLANG_WARN_DOCUMENTATION_COMMENTS = YES;
				CLANG_WARN_EMPTY_BODY = YES;
				CLANG_WARN_ENUM_CONVERSION = YES;
				CLANG_WARN_INFINITE_RECURSION = YES;
				CLANG_WARN_INT_CONVERSION = YES;
				CLANG_WARN_NON_LITERAL_NULL_CONVERSION = YES;
				CLANG_WARN_OBJC_IMPLICIT_RETAIN_SELF = YES;
				CLANG_WARN_OBJC_LITERAL_CONVERSION = YES;
				CLANG_WARN_OBJC_ROOT_CLASS = YES_ERROR;
				CLANG_WARN_QUOTED_INCLUDE_IN_FRAMEWORK_HEADER = YES;
				CLANG_WARN_RANGE_LOOP_ANALYSIS = YES;
				CLANG_WARN_STRICT_PROTOTYPES = YES;
				CLANG_WARN_SUSPICIOUS_MOVE = YES;
				CLANG_WARN_UNGUARDED_AVAILABILITY = YES_AGGRESSIVE;
				CLANG_WARN_UNREACHABLE_CODE = YES;
				CLANG_WARN__DUPLICATE_METHOD_MATCH = YES;
				COPY_PHASE_STRIP = NO;
				DEBUG_INFORMATION_FORMAT = "dwarf-with-dsym";
				ENABLE_NS_ASSERTIONS = NO;
				ENABLE_STRICT_OBJC_MSGSEND = YES;
				GCC_C_LANGUAGE_STANDARD = gnu11;
				GCC_NO_COMMON_BLOCKS = YES;
				GCC_WARN_64_TO_32_BIT_CONVERSION = YES;
				GCC_WARN_ABOUT_RETURN_TYPE = YES_ERROR;
				GCC_WARN_UNDECLARED_SELECTOR = YES;
				GCC_WARN_UNINITIALIZED_AUTOS = YES_AGGRESSIVE;
				GCC_WARN_UNUSED_FUNCTION = YES;
				GCC_WARN_UNUSED_VARIABLE = YES;
				IPHONEOS_DEPLOYMENT_TARGET = 16.2;
				MTL_ENABLE_DEBUG_INFO = NO;
				MTL_FAST_MATH = YES;
				SDKROOT = iphoneos;
				SWIFT_COMPILATION_MODE = wholemodule;
				SWIFT_OPTIMIZATION_LEVEL = "-O";
				VALIDATE_PRODUCT = YES;
			};
			name = Release;
		};
		EE2366EA2978BD1E00E7AC9C /* Debug (Staging) */ = {
			isa = XCBuildConfiguration;
			buildSettings = {
				ASSETCATALOG_COMPILER_APPICON_NAME = AppIcon;
				ASSETCATALOG_COMPILER_GLOBAL_ACCENT_COLOR_NAME = AccentColor;
				CODE_SIGN_STYLE = Automatic;
				CURRENT_PROJECT_VERSION = 1;
				DEVELOPMENT_ASSET_PATHS = "\"ReciMeCodingChallege/Preview Content\"";
				DEVELOPMENT_TEAM = 79V474Q2GY;
				ENABLE_PREVIEWS = YES;
				GENERATE_INFOPLIST_FILE = YES;
				INFOPLIST_FILE = ReciMeCodingChallege/Info.plist;
				INFOPLIST_KEY_UIApplicationSceneManifest_Generation = YES;
				INFOPLIST_KEY_UIApplicationSupportsIndirectInputEvents = YES;
				INFOPLIST_KEY_UILaunchScreen_Generation = YES;
				INFOPLIST_KEY_UISupportedInterfaceOrientations_iPad = "UIInterfaceOrientationPortrait UIInterfaceOrientationPortraitUpsideDown UIInterfaceOrientationLandscapeLeft UIInterfaceOrientationLandscapeRight";
				INFOPLIST_KEY_UISupportedInterfaceOrientations_iPhone = "UIInterfaceOrientationPortrait UIInterfaceOrientationLandscapeLeft UIInterfaceOrientationLandscapeRight";
				LD_RUNPATH_SEARCH_PATHS = (
					"$(inherited)",
					"@executable_path/Frameworks",
				);
				MARKETING_VERSION = 1.0;
				PRODUCT_BUNDLE_IDENTIFIER = ReciMe.ReciMeCodingChallege;
				PRODUCT_NAME = "$(TARGET_NAME)";
				SWIFT_EMIT_LOC_STRINGS = YES;
				SWIFT_VERSION = 5.0;
				TARGETED_DEVICE_FAMILY = "1,2";
			};
			name = "Debug (Staging)";
		};
		EE2366EB2978BD1E00E7AC9C /* Release */ = {
			isa = XCBuildConfiguration;
			buildSettings = {
				ASSETCATALOG_COMPILER_APPICON_NAME = AppIcon;
				ASSETCATALOG_COMPILER_GLOBAL_ACCENT_COLOR_NAME = AccentColor;
				CODE_SIGN_STYLE = Automatic;
				CURRENT_PROJECT_VERSION = 1;
				DEVELOPMENT_ASSET_PATHS = "\"ReciMeCodingChallege/Preview Content\"";
				DEVELOPMENT_TEAM = 79V474Q2GY;
				ENABLE_PREVIEWS = YES;
				GENERATE_INFOPLIST_FILE = YES;
				INFOPLIST_FILE = ReciMeCodingChallege/Info.plist;
				INFOPLIST_KEY_UIApplicationSceneManifest_Generation = YES;
				INFOPLIST_KEY_UIApplicationSupportsIndirectInputEvents = YES;
				INFOPLIST_KEY_UILaunchScreen_Generation = YES;
				INFOPLIST_KEY_UISupportedInterfaceOrientations_iPad = "UIInterfaceOrientationPortrait UIInterfaceOrientationPortraitUpsideDown UIInterfaceOrientationLandscapeLeft UIInterfaceOrientationLandscapeRight";
				INFOPLIST_KEY_UISupportedInterfaceOrientations_iPhone = "UIInterfaceOrientationPortrait UIInterfaceOrientationLandscapeLeft UIInterfaceOrientationLandscapeRight";
				LD_RUNPATH_SEARCH_PATHS = (
					"$(inherited)",
					"@executable_path/Frameworks",
				);
				MARKETING_VERSION = 1.0;
				PRODUCT_BUNDLE_IDENTIFIER = ReciMe.ReciMeCodingChallege;
				PRODUCT_NAME = "$(TARGET_NAME)";
				SWIFT_EMIT_LOC_STRINGS = YES;
				SWIFT_VERSION = 5.0;
				TARGETED_DEVICE_FAMILY = "1,2";
			};
			name = Release;
		};
		EE2366EC2978BE3300E7AC9C /* Debug (Production) */ = {
			isa = XCBuildConfiguration;
			buildSettings = {
				ALWAYS_SEARCH_USER_PATHS = NO;
				CLANG_ANALYZER_NONNULL = YES;
				CLANG_ANALYZER_NUMBER_OBJECT_CONVERSION = YES_AGGRESSIVE;
				CLANG_CXX_LANGUAGE_STANDARD = "gnu++20";
				CLANG_ENABLE_MODULES = YES;
				CLANG_ENABLE_OBJC_ARC = YES;
				CLANG_ENABLE_OBJC_WEAK = YES;
				CLANG_WARN_BLOCK_CAPTURE_AUTORELEASING = YES;
				CLANG_WARN_BOOL_CONVERSION = YES;
				CLANG_WARN_COMMA = YES;
				CLANG_WARN_CONSTANT_CONVERSION = YES;
				CLANG_WARN_DEPRECATED_OBJC_IMPLEMENTATIONS = YES;
				CLANG_WARN_DIRECT_OBJC_ISA_USAGE = YES_ERROR;
				CLANG_WARN_DOCUMENTATION_COMMENTS = YES;
				CLANG_WARN_EMPTY_BODY = YES;
				CLANG_WARN_ENUM_CONVERSION = YES;
				CLANG_WARN_INFINITE_RECURSION = YES;
				CLANG_WARN_INT_CONVERSION = YES;
				CLANG_WARN_NON_LITERAL_NULL_CONVERSION = YES;
				CLANG_WARN_OBJC_IMPLICIT_RETAIN_SELF = YES;
				CLANG_WARN_OBJC_LITERAL_CONVERSION = YES;
				CLANG_WARN_OBJC_ROOT_CLASS = YES_ERROR;
				CLANG_WARN_QUOTED_INCLUDE_IN_FRAMEWORK_HEADER = YES;
				CLANG_WARN_RANGE_LOOP_ANALYSIS = YES;
				CLANG_WARN_STRICT_PROTOTYPES = YES;
				CLANG_WARN_SUSPICIOUS_MOVE = YES;
				CLANG_WARN_UNGUARDED_AVAILABILITY = YES_AGGRESSIVE;
				CLANG_WARN_UNREACHABLE_CODE = YES;
				CLANG_WARN__DUPLICATE_METHOD_MATCH = YES;
				COPY_PHASE_STRIP = NO;
				DEBUG_INFORMATION_FORMAT = dwarf;
				ENABLE_STRICT_OBJC_MSGSEND = YES;
				ENABLE_TESTABILITY = YES;
				GCC_C_LANGUAGE_STANDARD = gnu11;
				GCC_DYNAMIC_NO_PIC = NO;
				GCC_NO_COMMON_BLOCKS = YES;
				GCC_OPTIMIZATION_LEVEL = 0;
				GCC_PREPROCESSOR_DEFINITIONS = (
					"DEBUG=1",
					"$(inherited)",
				);
				GCC_WARN_64_TO_32_BIT_CONVERSION = YES;
				GCC_WARN_ABOUT_RETURN_TYPE = YES_ERROR;
				GCC_WARN_UNDECLARED_SELECTOR = YES;
				GCC_WARN_UNINITIALIZED_AUTOS = YES_AGGRESSIVE;
				GCC_WARN_UNUSED_FUNCTION = YES;
				GCC_WARN_UNUSED_VARIABLE = YES;
				IPHONEOS_DEPLOYMENT_TARGET = 16.2;
				MTL_ENABLE_DEBUG_INFO = INCLUDE_SOURCE;
				MTL_FAST_MATH = YES;
				ONLY_ACTIVE_ARCH = YES;
				SDKROOT = iphoneos;
				SWIFT_ACTIVE_COMPILATION_CONDITIONS = DEBUG;
				SWIFT_OPTIMIZATION_LEVEL = "-Onone";
			};
			name = "Debug (Production)";
		};
		EE2366ED2978BE3300E7AC9C /* Debug (Production) */ = {
			isa = XCBuildConfiguration;
			buildSettings = {
				ASSETCATALOG_COMPILER_APPICON_NAME = AppIcon;
				ASSETCATALOG_COMPILER_GLOBAL_ACCENT_COLOR_NAME = AccentColor;
				CODE_SIGN_STYLE = Automatic;
				CURRENT_PROJECT_VERSION = 1;
				DEVELOPMENT_ASSET_PATHS = "\"ReciMeCodingChallege/Preview Content\"";
				DEVELOPMENT_TEAM = 79V474Q2GY;
				ENABLE_PREVIEWS = YES;
				GENERATE_INFOPLIST_FILE = YES;
				INFOPLIST_FILE = ReciMeCodingChallege/Info.plist;
				INFOPLIST_KEY_UIApplicationSceneManifest_Generation = YES;
				INFOPLIST_KEY_UIApplicationSupportsIndirectInputEvents = YES;
				INFOPLIST_KEY_UILaunchScreen_Generation = YES;
				INFOPLIST_KEY_UISupportedInterfaceOrientations_iPad = "UIInterfaceOrientationPortrait UIInterfaceOrientationPortraitUpsideDown UIInterfaceOrientationLandscapeLeft UIInterfaceOrientationLandscapeRight";
				INFOPLIST_KEY_UISupportedInterfaceOrientations_iPhone = "UIInterfaceOrientationPortrait UIInterfaceOrientationLandscapeLeft UIInterfaceOrientationLandscapeRight";
				LD_RUNPATH_SEARCH_PATHS = (
					"$(inherited)",
					"@executable_path/Frameworks",
				);
				MARKETING_VERSION = 1.0;
				PRODUCT_BUNDLE_IDENTIFIER = ReciMe.ReciMeCodingChallege;
				PRODUCT_NAME = "$(TARGET_NAME)";
				SWIFT_EMIT_LOC_STRINGS = YES;
				SWIFT_VERSION = 5.0;
				TARGETED_DEVICE_FAMILY = "1,2";
			};
			name = "Debug (Production)";
		};
/* End XCBuildConfiguration section */

/* Begin XCConfigurationList section */
		EE2366D62978BD1C00E7AC9C /* Build configuration list for PBXProject "ReciMeCodingChallege" */ = {
			isa = XCConfigurationList;
			buildConfigurations = (
				EE2366E72978BD1E00E7AC9C /* Debug (Staging) */,
				EE2366EC2978BE3300E7AC9C /* Debug (Production) */,
				EE2366E82978BD1E00E7AC9C /* Release */,
			);
			defaultConfigurationIsVisible = 0;
			defaultConfigurationName = Release;
		};
		EE2366E92978BD1E00E7AC9C /* Build configuration list for PBXNativeTarget "ReciMeCodingChallege" */ = {
			isa = XCConfigurationList;
			buildConfigurations = (
				EE2366EA2978BD1E00E7AC9C /* Debug (Staging) */,
				EE2366ED2978BE3300E7AC9C /* Debug (Production) */,
				EE2366EB2978BD1E00E7AC9C /* Release */,
			);
			defaultConfigurationIsVisible = 0;
			defaultConfigurationName = Release;
		};
/* End XCConfigurationList section */
	};
	rootObject = EE2366D32978BD1C00E7AC9C /* Project object */;
}
